
Microsoft Visual Studio Solution File, Format Version 12.00
# Visual Studio Version 16
VisualStudioVersion = 16.0.31424.327
MinimumVisualStudioVersion = 10.0.40219.1
Project("{FAE04EC0-301F-11D3-BF4B-00C04F79EFBC}") = "SampleWinForm", "SampleWinForm\SampleWinForm.csproj", "{07E630FB-3D3E-4549-9CEC-8048A968D2ED}"
EndProject
Global
	GlobalSection(SolutionConfigurationPlatforms) = preSolution
		Debug|Any CPU = Debug|Any CPU
		Release|Any CPU = Release|Any CPU
	EndGlobalSection
	GlobalSection(ProjectConfigurationPlatforms) = postSolution
		{07E630FB-3D3E-4549-9CEC-8048A968D2ED}.Debug|Any CPU.ActiveCfg = Debug|Any CPU
		{07E630FB-3D3E-4549-9CEC-8048A968D2ED}.Debug|Any CPU.Build.0 = Debug|Any CPU
		{07E630FB-3D3E-4549-9CEC-8048A968D2ED}.Release|Any CPU.ActiveCfg = Release|Any CPU
		{07E630FB-3D3E-4549-9CEC-8048A968D2ED}.Release|Any CPU.Build.0 = Release|Any CPU
	EndGlobalSection
	GlobalSection(SolutionProperties) = preSolution
		HideSolutionNode = FALSE
	EndGlobalSection
	GlobalSection(ExtensibilityGlobals) = postSolution
		SolutionGuid = {B1C9FEE2-CE12-4124-A1D3-C99DA7606719}
	EndGlobalSection
EndGlobal
